# THIS IS AN AUTOGENERATED FILE. DO NOT EDIT THIS FILE DIRECTLY.
# yarn lockfile v1


react-native-config@^0.11.7:
  version "0.11.7"
  resolved "https://registry.yarnpkg.com/react-native-config/-/react-native-config-0.11.7.tgz#a2b323f2ecd76a4df88cbb6bc86eaa2ef9febee7"
  integrity sha512-dn5s+zhwLyE25vRT/vaEtLk/j8ZL1UZKvejORNDWakSwpOnLmFurFeaZV83IqkPlfWHXHFdsYe2IRYG1WN4WkQ==
